
Microsoft Visual Studio Solution File, Format Version 12.00
# Visual Studio Version 17
VisualStudioVersion = 17.9.34701.34
MinimumVisualStudioVersion = 10.0.40219.1
Project("{FAE04EC0-301F-11D3-BF4B-00C04F79EFBC}") = "lab4_bai1", "lab4_bai1\lab4_bai1.csproj", "{C8362F8D-758D-4EF7-BA82-CB75E09BE21C}"
EndProject
Global
	GlobalSection(SolutionConfigurationPlatforms) = preSolution
		Debug|Any CPU = Debug|Any CPU
		Release|Any CPU = Release|Any CPU
	EndGlobalSection
	GlobalSection(ProjectConfigurationPlatforms) = postSolution
		{C8362F8D-758D-4EF7-BA82-CB75E09BE21C}.Debug|Any CPU.ActiveCfg = Debug|Any CPU
		{C8362F8D-758D-4EF7-BA82-CB75E09BE21C}.Debug|Any CPU.Build.0 = Debug|Any CPU
		{C8362F8D-758D-4EF7-BA82-CB75E09BE21C}.Release|Any CPU.ActiveCfg = Release|Any CPU
		{C8362F8D-758D-4EF7-BA82-CB75E09BE21C}.Release|Any CPU.Build.0 = Release|Any CPU
	EndGlobalSection
	GlobalSection(SolutionProperties) = preSolution
		HideSolutionNode = FALSE
	EndGlobalSection
	GlobalSection(ExtensibilityGlobals) = postSolution
		SolutionGuid = {2D4A2EB2-9EAC-4EB5-8716-5EA9AA4841AF}
	EndGlobalSection
EndGlobal
