
Microsoft Visual Studio Solution File, Format Version 12.00
# Visual Studio Version 17
VisualStudioVersion = 17.10.34814.14
MinimumVisualStudioVersion = 10.0.40219.1
Project("{FAE04EC0-301F-11D3-BF4B-00C04F79EFBC}") = "lab5_bai4", "lab5_bai4\lab5_bai4.csproj", "{65B7ED52-79BD-4B7D-B143-1936CDE745CC}"
EndProject
Global
	GlobalSection(SolutionConfigurationPlatforms) = preSolution
		Debug|Any CPU = Debug|Any CPU
		Release|Any CPU = Release|Any CPU
	EndGlobalSection
	GlobalSection(ProjectConfigurationPlatforms) = postSolution
		{65B7ED52-79BD-4B7D-B143-1936CDE745CC}.Debug|Any CPU.ActiveCfg = Debug|Any CPU
		{65B7ED52-79BD-4B7D-B143-1936CDE745CC}.Debug|Any CPU.Build.0 = Debug|Any CPU
		{65B7ED52-79BD-4B7D-B143-1936CDE745CC}.Release|Any CPU.ActiveCfg = Release|Any CPU
		{65B7ED52-79BD-4B7D-B143-1936CDE745CC}.Release|Any CPU.Build.0 = Release|Any CPU
	EndGlobalSection
	GlobalSection(SolutionProperties) = preSolution
		HideSolutionNode = FALSE
	EndGlobalSection
	GlobalSection(ExtensibilityGlobals) = postSolution
		SolutionGuid = {96A5D145-642F-4BE5-9FD5-EF8300E9F771}
	EndGlobalSection
EndGlobal
